
Microsoft Visual Studio Solution File, Format Version 11.00
# Visual Studio 2010
Project("{FAE04EC0-301F-11D3-BF4B-00C04F79EFBC}") = "Assembly-CSharp", "Assembly-CSharp.csproj", "{D8B6F6F0-3C0D-4BD5-11C2-8EE86A6F70A5}"
EndProject
Global
	GlobalSection(SolutionConfigurationPlatforms) = preSolution
		Debug|Any CPU = Debug|Any CPU
		Release|Any CPU = Release|Any CPU
	EndGlobalSection
	GlobalSection(ProjectConfigurationPlatforms) = postSolution
		{D8B6F6F0-3C0D-4BD5-11C2-8EE86A6F70A5}.Debug|Any CPU.ActiveCfg = Debug|Any CPU
		{D8B6F6F0-3C0D-4BD5-11C2-8EE86A6F70A5}.Debug|Any CPU.Build.0 = Debug|Any CPU
		{D8B6F6F0-3C0D-4BD5-11C2-8EE86A6F70A5}.Release|Any CPU.ActiveCfg = Release|Any CPU
		{D8B6F6F0-3C0D-4BD5-11C2-8EE86A6F70A5}.Release|Any CPU.Build.0 = Release|Any CPU
	EndGlobalSection
	GlobalSection(SolutionProperties) = preSolution
		HideSolutionNode = FALSE
	EndGlobalSection
EndGlobal
